
Microsoft Visual Studio Solution File, Format Version 12.00
# Visual Studio 15
VisualStudioVersion = 15.0.27130.2027
MinimumVisualStudioVersion = 10.0.40219.1
Project("{9A19103F-16F7-4668-BE54-9A1E7A4F7556}") = "UsingDependencyService", "UsingDependencyService\UsingDependencyService.csproj", "{CBC6F613-D72F-4F39-802E-57C538A91B35}"
EndProject
Project("{FAE04EC0-301F-11D3-BF4B-00C04F79EFBC}") = "UsingDependencyService.Android", "UsingDependencyService.Android\UsingDependencyService.Android.csproj", "{9D6E62ED-4B0B-45E1-89C0-FD804D751840}"
EndProject
Project("{FAE04EC0-301F-11D3-BF4B-00C04F79EFBC}") = "UsingDependencyService.iOS", "UsingDependencyService.iOS\UsingDependencyService.iOS.csproj", "{5B3B82D2-0C3E-4156-B33F-730E25542785}"
EndProject
Project("{FAE04EC0-301F-11D3-BF4B-00C04F79EFBC}") = "UsingDependencyService.UWP", "UsingDependencyService.UWP\UsingDependencyService.UWP.csproj", "{D98E49E3-DB26-4E18-96F4-DBF5428A0C9C}"
EndProject
Global
	GlobalSection(SolutionConfigurationPlatforms) = preSolution
		Ad-Hoc|Any CPU = Ad-Hoc|Any CPU
		Ad-Hoc|ARM = Ad-Hoc|ARM
		Ad-Hoc|iPhone = Ad-Hoc|iPhone
		Ad-Hoc|iPhoneSimulator = Ad-Hoc|iPhoneSimulator
		Ad-Hoc|x64 = Ad-Hoc|x64
		Ad-Hoc|x86 = Ad-Hoc|x86
		AppStore|Any CPU = AppStore|Any CPU
		AppStore|ARM = AppStore|ARM
		AppStore|iPhone = AppStore|iPhone
		AppStore|iPhoneSimulator = AppStore|iPhoneSimulator
		AppStore|x64 = AppStore|x64
		AppStore|x86 = AppStore|x86
		Debug|Any CPU = Debug|Any CPU
		Debug|ARM = Debug|ARM
		Debug|iPhone = Debug|iPhone
		Debug|iPhoneSimulator = Debug|iPhoneSimulator
		Debug|x64 = Debug|x64
		Debug|x86 = Debug|x86
		Release|Any CPU = Release|Any CPU
		Release|ARM = Release|ARM
		Release|iPhone = Release|iPhone
		Release|iPhoneSimulator = Release|iPhoneSimulator
		Release|x64 = Release|x64
		Release|x86 = Release|x86
	EndGlobalSection
	GlobalSection(ProjectConfigurationPlatforms) = postSolution
		{CBC6F613-D72F-4F39-802E-57C538A91B35}.Ad-Hoc|Any CPU.ActiveCfg = Debug|Any CPU
		{CBC6F613-D72F-4F39-802E-57C538A91B35}.Ad-Hoc|Any CPU.Build.0 = Debug|Any CPU
		{CBC6F613-D72F-4F39-802E-57C538A91B35}.Ad-Hoc|ARM.ActiveCfg = Debug|Any CPU
		{CBC6F613-D72F-4F39-802E-57C538A91B35}.Ad-Hoc|ARM.Build.0 = Debug|Any CPU
		{CBC6F613-D72F-4F39-802E-57C538A91B35}.Ad-Hoc|iPhone.ActiveCfg = Debug|Any CPU
		{CBC6F613-D72F-4F39-802E-57C538A91B35}.Ad-Hoc|iPhone.Build.0 = Debug|Any CPU
		{CBC6F613-D72F-4F39-802E-57C538A91B35}.Ad-Hoc|iPhoneSimulator.ActiveCfg = Debug|Any CPU
		{CBC6F613-D72F-4F39-802E-57C538A91B35}.Ad-Hoc|iPhoneSimulator.Build.0 = Debug|Any CPU
		{CBC6F613-D72F-4F39-802E-57C538A91B35}.Ad-Hoc|x64.ActiveCfg = Debug|Any CPU
		{CBC6F613-D72F-4F39-802E-57C538A91B35}.Ad-Hoc|x64.Build.0 = Debug|Any CPU
		{CBC6F613-D72F-4F39-802E-57C538A91B35}.Ad-Hoc|x86.ActiveCfg = Debug|Any CPU
		{CBC6F613-D72F-4F39-802E-57C538A91B35}.Ad-Hoc|x86.Build.0 = Debug|Any CPU
		{CBC6F613-D72F-4F39-802E-57C538A91B35}.AppStore|Any CPU.ActiveCfg = Debug|Any CPU
		{CBC6F613-D72F-4F39-802E-57C538A91B35}.AppStore|Any CPU.Build.0 = Debug|Any CPU
		{CBC6F613-D72F-4F39-802E-57C538A91B35}.AppStore|ARM.ActiveCfg = Debug|Any CPU
		{CBC6F613-D72F-4F39-802E-57C538A91B35}.AppStore|ARM.Build.0 = Debug|Any CPU
		{CBC6F613-D72F-4F39-802E-57C538A91B35}.AppStore|iPhone.ActiveCfg = Debug|Any CPU
		{CBC6F613-D72F-4F39-802E-57C538A91B35}.AppStore|iPhone.Build.0 = Debug|Any CPU
		{CBC6F613-D72F-4F39-802E-57C538A91B35}.AppStore|iPhoneSimulator.ActiveCfg = Debug|Any CPU
		{CBC6F613-D72F-4F39-802E-57C538A91B35}.AppStore|iPhoneSimulator.Build.0 = Debug|Any CPU
		{CBC6F613-D72F-4F39-802E-57C538A91B35}.AppStore|x64.ActiveCfg = Debug|Any CPU
		{CBC6F613-D72F-4F39-802E-57C538A91B35}.AppStore|x64.Build.0 = Debug|Any CPU
		{CBC6F613-D72F-4F39-802E-57C538A91B35}.AppStore|x86.ActiveCfg = Debug|Any CPU
		{CBC6F613-D72F-4F39-802E-57C538A91B35}.AppStore|x86.Build.0 = Debug|Any CPU
		{CBC6F613-D72F-4F39-802E-57C538A91B35}.Debug|Any CPU.ActiveCfg = Debug|Any CPU
		{CBC6F613-D72F-4F39-802E-57C538A91B35}.Debug|Any CPU.Build.0 = Debug|Any CPU
		{CBC6F613-D72F-4F39-802E-57C538A91B35}.Debug|ARM.ActiveCfg = Debug|Any CPU
		{CBC6F613-D72F-4F39-802E-57C538A91B35}.Debug|ARM.Build.0 = Debug|Any CPU
		{CBC6F613-D72F-4F39-802E-57C538A91B35}.Debug|iPhone.ActiveCfg = Debug|Any CPU
		{CBC6F613-D72F-4F39-802E-57C538A91B35}.Debug|iPhone.Build.0 = Debug|Any CPU
		{CBC6F613-D72F-4F39-802E-57C538A91B35}.Debug|iPhoneSimulator.ActiveCfg = Debug|Any CPU
		{CBC6F613-D72F-4F39-802E-57C538A91B35}.Debug|iPhoneSimulator.Build.0 = Debug|Any CPU
		{CBC6F613-D72F-4F39-802E-57C538A91B35}.Debug|x64.ActiveCfg = Debug|Any CPU
		{CBC6F613-D72F-4F39-802E-57C538A91B35}.Debug|x64.Build.0 = Debug|Any CPU
		{CBC6F613-D72F-4F39-802E-57C538A91B35}.Debug|x86.ActiveCfg = Debug|Any CPU
		{CBC6F613-D72F-4F39-802E-57C538A91B35}.Debug|x86.Build.0 = Debug|Any CPU
		{CBC6F613-D72F-4F39-802E-57C538A91B35}.Release|Any CPU.ActiveCfg = Release|Any CPU
		{CBC6F613-D72F-4F39-802E-57C538A91B35}.Release|Any CPU.Build.0 = Release|Any CPU
		{CBC6F613-D72F-4F39-802E-57C538A91B35}.Release|ARM.ActiveCfg = Release|Any CPU
		{CBC6F613-D72F-4F39-802E-57C538A91B35}.Release|ARM.Build.0 = Release|Any CPU
		{CBC6F613-D72F-4F39-802E-57C538A91B35}.Release|iPhone.ActiveCfg = Release|Any CPU
		{CBC6F613-D72F-4F39-802E-57C538A91B35}.Release|iPhone.Build.0 = Release|Any CPU
		{CBC6F613-D72F-4F39-802E-57C538A91B35}.Release|iPhoneSimulator.ActiveCfg = Release|Any CPU
		{CBC6F613-D72F-4F39-802E-57C538A91B35}.Release|iPhoneSimulator.Build.0 = Release|Any CPU
		{CBC6F613-D72F-4F39-802E-57C538A91B35}.Release|x64.ActiveCfg = Release|Any CPU
		{CBC6F613-D72F-4F39-802E-57C538A91B35}.Release|x64.Build.0 = Release|Any CPU
		{CBC6F613-D72F-4F39-802E-57C538A91B35}.Release|x86.ActiveCfg = Release|Any CPU
		{CBC6F613-D72F-4F39-802E-57C538A91B35}.Release|x86.Build.0 = Release|Any CPU
		{9D6E62ED-4B0B-45E1-89C0-FD804D751840}.Ad-Hoc|Any CPU.ActiveCfg = Release|Any CPU
		{9D6E62ED-4B0B-45E1-89C0-FD804D751840}.Ad-Hoc|Any CPU.Build.0 = Release|Any CPU
		{9D6E62ED-4B0B-45E1-89C0-FD804D751840}.Ad-Hoc|Any CPU.Deploy.0 = Release|Any CPU
		{9D6E62ED-4B0B-45E1-89C0-FD804D751840}.Ad-Hoc|ARM.ActiveCfg = Release|Any CPU
		{9D6E62ED-4B0B-45E1-89C0-FD804D751840}.Ad-Hoc|ARM.Build.0 = Release|Any CPU
		{9D6E62ED-4B0B-45E1-89C0-FD804D751840}.Ad-Hoc|ARM.Deploy.0 = Release|Any CPU
		{9D6E62ED-4B0B-45E1-89C0-FD804D751840}.Ad-Hoc|iPhone.ActiveCfg = Release|Any CPU
		{9D6E62ED-4B0B-45E1-89C0-FD804D751840}.Ad-Hoc|iPhone.Build.0 = Release|Any CPU
		{9D6E62ED-4B0B-45E1-89C0-FD804D751840}.Ad-Hoc|iPhone.Deploy.0 = Release|Any CPU
		{9D6E62ED-4B0B-45E1-89C0-FD804D751840}.Ad-Hoc|iPhoneSimulator.ActiveCfg = Release|Any CPU
		{9D6E62ED-4B0B-45E1-89C0-FD804D751840}.Ad-Hoc|iPhoneSimulator.Build.0 = Release|Any CPU
		{9D6E62ED-4B0B-45E1-89C0-FD804D751840}.Ad-Hoc|iPhoneSimulator.Deploy.0 = Release|Any CPU
		{9D6E62ED-4B0B-45E1-89C0-FD804D751840}.Ad-Hoc|x64.ActiveCfg = Release|Any CPU
		{9D6E62ED-4B0B-45E1-89C0-FD804D751840}.Ad-Hoc|x64.Build.0 = Release|Any CPU
		{9D6E62ED-4B0B-45E1-89C0-FD804D751840}.Ad-Hoc|x64.Deploy.0 = Release|Any CPU
		{9D6E62ED-4B0B-45E1-89C0-FD804D751840}.Ad-Hoc|x86.ActiveCfg = Release|Any CPU
		{9D6E62ED-4B0B-45E1-89C0-FD804D751840}.Ad-Hoc|x86.Build.0 = Release|Any CPU
		{9D6E62ED-4B0B-45E1-89C0-FD804D751840}.Ad-Hoc|x86.Deploy.0 = Release|Any CPU
		{9D6E62ED-4B0B-45E1-89C0-FD804D751840}.AppStore|Any CPU.ActiveCfg = Release|Any CPU
		{9D6E62ED-4B0B-45E1-89C0-FD804D751840}.AppStore|Any CPU.Build.0 = Release|Any CPU
		{9D6E62ED-4B0B-45E1-89C0-FD804D751840}.AppStore|Any CPU.Deploy.0 = Release|Any CPU
		{9D6E62ED-4B0B-45E1-89C0-FD804D751840}.AppStore|ARM.ActiveCfg = Release|Any CPU
		{9D6E62ED-4B0B-45E1-89C0-FD804D751840}.AppStore|ARM.Build.0 = Release|Any CPU
		{9D6E62ED-4B0B-45E1-89C0-FD804D751840}.AppStore|ARM.Deploy.0 = Release|Any CPU
		{9D6E62ED-4B0B-45E1-89C0-FD804D751840}.AppStore|iPhone.ActiveCfg = Release|Any CPU
		{9D6E62ED-4B0B-45E1-89C0-FD804D751840}.AppStore|iPhone.Build.0 = Release|Any CPU
		{9D6E62ED-4B0B-45E1-89C0-FD804D751840}.AppStore|iPhone.Deploy.0 = Release|Any CPU
		{9D6E62ED-4B0B-45E1-89C0-FD804D751840}.AppStore|iPhoneSimulator.ActiveCfg = Release|Any CPU
		{9D6E62ED-4B0B-45E1-89C0-FD804D751840}.AppStore|iPhoneSimulator.Build.0 = Release|Any CPU
		{9D6E62ED-4B0B-45E1-89C0-FD804D751840}.AppStore|iPhoneSimulator.Deploy.0 = Release|Any CPU
		{9D6E62ED-4B0B-45E1-89C0-FD804D751840}.AppStore|x64.ActiveCfg = Release|Any CPU
		{9D6E62ED-4B0B-45E1-89C0-FD804D751840}.AppStore|x64.Build.0 = Release|Any CPU
		{9D6E62ED-4B0B-45E1-89C0-FD804D751840}.AppStore|x64.Deploy.0 = Release|Any CPU
		{9D6E62ED-4B0B-45E1-89C0-FD804D751840}.AppStore|x86.ActiveCfg = Release|Any CPU
		{9D6E62ED-4B0B-45E1-89C0-FD804D751840}.AppStore|x86.Build.0 = Release|Any CPU
		{9D6E62ED-4B0B-45E1-89C0-FD804D751840}.AppStore|x86.Deploy.0 = Release|Any CPU
		{9D6E62ED-4B0B-45E1-89C0-FD804D751840}.Debug|Any CPU.ActiveCfg = Debug|Any CPU
		{9D6E62ED-4B0B-45E1-89C0-FD804D751840}.Debug|Any CPU.Build.0 = Debug|Any CPU
		{9D6E62ED-4B0B-45E1-89C0-FD804D751840}.Debug|Any CPU.Deploy.0 = Debug|Any CPU
		{9D6E62ED-4B0B-45E1-89C0-FD804D751840}.Debug|ARM.ActiveCfg = Debug|Any CPU
		{9D6E62ED-4B0B-45E1-89C0-FD804D751840}.Debug|ARM.Build.0 = Debug|Any CPU
		{9D6E62ED-4B0B-45E1-89C0-FD804D751840}.Debug|ARM.Deploy.0 = Debug|Any CPU
		{9D6E62ED-4B0B-45E1-89C0-FD804D751840}.Debug|iPhone.ActiveCfg = Debug|Any CPU
		{9D6E62ED-4B0B-45E1-89C0-FD804D751840}.Debug|iPhone.Build.0 = Debug|Any CPU
		{9D6E62ED-4B0B-45E1-89C0-FD804D751840}.Debug|iPhone.Deploy.0 = Debug|Any CPU
		{9D6E62ED-4B0B-45E1-89C0-FD804D751840}.Debug|iPhoneSimulator.ActiveCfg = Debug|Any CPU
		{9D6E62ED-4B0B-45E1-89C0-FD804D751840}.Debug|iPhoneSimulator.Build.0 = Debug|Any CPU
		{9D6E62ED-4B0B-45E1-89C0-FD804D751840}.Debug|iPhoneSimulator.Deploy.0 = Debug|Any CPU
		{9D6E62ED-4B0B-45E1-89C0-FD804D751840}.Debug|x64.ActiveCfg = Debug|Any CPU
		{9D6E62ED-4B0B-45E1-89C0-FD804D751840}.Debug|x64.Build.0 = Debug|Any CPU
		{9D6E62ED-4B0B-45E1-89C0-FD804D751840}.Debug|x64.Deploy.0 = Debug|Any CPU
		{9D6E62ED-4B0B-45E1-89C0-FD804D751840}.Debug|x86.ActiveCfg = Debug|Any CPU
		{9D6E62ED-4B0B-45E1-89C0-FD804D751840}.Debug|x86.Build.0 = Debug|Any CPU
		{9D6E62ED-4B0B-45E1-89C0-FD804D751840}.Debug|x86.Deploy.0 = Debug|Any CPU
		{9D6E62ED-4B0B-45E1-89C0-FD804D751840}.Release|Any CPU.ActiveCfg = Release|Any CPU
		{9D6E62ED-4B0B-45E1-89C0-FD804D751840}.Release|Any CPU.Build.0 = Release|Any CPU
		{9D6E62ED-4B0B-45E1-89C0-FD804D751840}.Release|Any CPU.Deploy.0 = Release|Any CPU
		{9D6E62ED-4B0B-45E1-89C0-FD804D751840}.Release|ARM.ActiveCfg = Release|Any CPU
		{9D6E62ED-4B0B-45E1-89C0-FD804D751840}.Release|ARM.Build.0 = Release|Any CPU
		{9D6E62ED-4B0B-45E1-89C0-FD804D751840}.Release|ARM.Deploy.0 = Release|Any CPU
		{9D6E62ED-4B0B-45E1-89C0-FD804D751840}.Release|iPhone.ActiveCfg = Release|Any CPU
		{9D6E62ED-4B0B-45E1-89C0-FD804D751840}.Release|iPhone.Build.0 = Release|Any CPU
		{9D6E62ED-4B0B-45E1-89C0-FD804D751840}.Release|iPhone.Deploy.0 = Release|Any CPU
		{9D6E62ED-4B0B-45E1-89C0-FD804D751840}.Release|iPhoneSimulator.ActiveCfg = Release|Any CPU
		{9D6E62ED-4B0B-45E1-89C0-FD804D751840}.Release|iPhoneSimulator.Build.0 = Release|Any CPU
		{9D6E62ED-4B0B-45E1-89C0-FD804D751840}.Release|iPhoneSimulator.Deploy.0 = Release|Any CPU
		{9D6E62ED-4B0B-45E1-89C0-FD804D751840}.Release|x64.ActiveCfg = Release|Any CPU
		{9D6E62ED-4B0B-45E1-89C0-FD804D751840}.Release|x64.Build.0 = Release|Any CPU
		{9D6E62ED-4B0B-45E1-89C0-FD804D751840}.Release|x64.Deploy.0 = Release|Any CPU
		{9D6E62ED-4B0B-45E1-89C0-FD804D751840}.Release|x86.ActiveCfg = Release|Any CPU
		{9D6E62ED-4B0B-45E1-89C0-FD804D751840}.Release|x86.Build.0 = Release|Any CPU
		{9D6E62ED-4B0B-45E1-89C0-FD804D751840}.Release|x86.Deploy.0 = Release|Any CPU
		{5B3B82D2-0C3E-4156-B33F-730E25542785}.Ad-Hoc|Any CPU.ActiveCfg = Ad-Hoc|iPhone
		{5B3B82D2-0C3E-4156-B33F-730E25542785}.Ad-Hoc|ARM.ActiveCfg = Ad-Hoc|iPhone
		{5B3B82D2-0C3E-4156-B33F-730E25542785}.Ad-Hoc|iPhone.ActiveCfg = Ad-Hoc|iPhone
		{5B3B82D2-0C3E-4156-B33F-730E25542785}.Ad-Hoc|iPhone.Build.0 = Ad-Hoc|iPhone
		{5B3B82D2-0C3E-4156-B33F-730E25542785}.Ad-Hoc|iPhoneSimulator.ActiveCfg = Ad-Hoc|iPhoneSimulator
		{5B3B82D2-0C3E-4156-B33F-730E25542785}.Ad-Hoc|iPhoneSimulator.Build.0 = Ad-Hoc|iPhoneSimulator
		{5B3B82D2-0C3E-4156-B33F-730E25542785}.Ad-Hoc|x64.ActiveCfg = Ad-Hoc|iPhone
		{5B3B82D2-0C3E-4156-B33F-730E25542785}.Ad-Hoc|x86.ActiveCfg = Ad-Hoc|iPhone
		{5B3B82D2-0C3E-4156-B33F-730E25542785}.AppStore|Any CPU.ActiveCfg = AppStore|iPhone
		{5B3B82D2-0C3E-4156-B33F-730E25542785}.AppStore|ARM.ActiveCfg = AppStore|iPhone
		{5B3B82D2-0C3E-4156-B33F-730E25542785}.AppStore|iPhone.ActiveCfg = AppStore|iPhone
		{5B3B82D2-0C3E-4156-B33F-730E25542785}.AppStore|iPhone.Build.0 = AppStore|iPhone
		{5B3B82D2-0C3E-4156-B33F-730E25542785}.AppStore|iPhoneSimulator.ActiveCfg = AppStore|iPhoneSimulator
		{5B3B82D2-0C3E-4156-B33F-730E25542785}.AppStore|iPhoneSimulator.Build.0 = AppStore|iPhoneSimulator
		{5B3B82D2-0C3E-4156-B33F-730E25542785}.AppStore|x64.ActiveCfg = AppStore|iPhone
		{5B3B82D2-0C3E-4156-B33F-730E25542785}.AppStore|x86.ActiveCfg = AppStore|iPhone
		{5B3B82D2-0C3E-4156-B33F-730E25542785}.Debug|Any CPU.ActiveCfg = Debug|iPhone
		{5B3B82D2-0C3E-4156-B33F-730E25542785}.Debug|ARM.ActiveCfg = Debug|iPhone
		{5B3B82D2-0C3E-4156-B33F-730E25542785}.Debug|iPhone.ActiveCfg = Debug|iPhone
		{5B3B82D2-0C3E-4156-B33F-730E25542785}.Debug|iPhone.Build.0 = Debug|iPhone
		{5B3B82D2-0C3E-4156-B33F-730E25542785}.Debug|iPhoneSimulator.ActiveCfg = Debug|iPhoneSimulator
		{5B3B82D2-0C3E-4156-B33F-730E25542785}.Debug|iPhoneSimulator.Build.0 = Debug|iPhoneSimulator
		{5B3B82D2-0C3E-4156-B33F-730E25542785}.Debug|x64.ActiveCfg = Debug|iPhone
		{5B3B82D2-0C3E-4156-B33F-730E25542785}.Debug|x86.ActiveCfg = Debug|iPhone
		{5B3B82D2-0C3E-4156-B33F-730E25542785}.Release|Any CPU.ActiveCfg = Release|iPhone
		{5B3B82D2-0C3E-4156-B33F-730E25542785}.Release|ARM.ActiveCfg = Release|iPhone
		{5B3B82D2-0C3E-4156-B33F-730E25542785}.Release|iPhone.ActiveCfg = Release|iPhone
		{5B3B82D2-0C3E-4156-B33F-730E25542785}.Release|iPhone.Build.0 = Release|iPhone
		{5B3B82D2-0C3E-4156-B33F-730E25542785}.Release|iPhoneSimulator.ActiveCfg = Release|iPhoneSimulator
		{5B3B82D2-0C3E-4156-B33F-730E25542785}.Release|iPhoneSimulator.Build.0 = Release|iPhoneSimulator
		{5B3B82D2-0C3E-4156-B33F-730E25542785}.Release|x64.ActiveCfg = Release|iPhone
		{5B3B82D2-0C3E-4156-B33F-730E25542785}.Release|x86.ActiveCfg = Release|iPhone
		{D98E49E3-DB26-4E18-96F4-DBF5428A0C9C}.Ad-Hoc|Any CPU.ActiveCfg = Release|x86
		{D98E49E3-DB26-4E18-96F4-DBF5428A0C9C}.Ad-Hoc|Any CPU.Build.0 = Release|x86
		{D98E49E3-DB26-4E18-96F4-DBF5428A0C9C}.Ad-Hoc|Any CPU.Deploy.0 = Release|x86
		{D98E49E3-DB26-4E18-96F4-DBF5428A0C9C}.Ad-Hoc|ARM.ActiveCfg = Release|ARM
		{D98E49E3-DB26-4E18-96F4-DBF5428A0C9C}.Ad-Hoc|ARM.Build.0 = Release|ARM
		{D98E49E3-DB26-4E18-96F4-DBF5428A0C9C}.Ad-Hoc|ARM.Deploy.0 = Release|ARM
		{D98E49E3-DB26-4E18-96F4-DBF5428A0C9C}.Ad-Hoc|iPhone.ActiveCfg = Release|x86
		{D98E49E3-DB26-4E18-96F4-DBF5428A0C9C}.Ad-Hoc|iPhone.Build.0 = Release|x86
		{D98E49E3-DB26-4E18-96F4-DBF5428A0C9C}.Ad-Hoc|iPhone.Deploy.0 = Release|x86
		{D98E49E3-DB26-4E18-96F4-DBF5428A0C9C}.Ad-Hoc|iPhoneSimulator.ActiveCfg = Release|x86
		{D98E49E3-DB26-4E18-96F4-DBF5428A0C9C}.Ad-Hoc|iPhoneSimulator.Build.0 = Release|x86
		{D98E49E3-DB26-4E18-96F4-DBF5428A0C9C}.Ad-Hoc|iPhoneSimulator.Deploy.0 = Release|x86
		{D98E49E3-DB26-4E18-96F4-DBF5428A0C9C}.Ad-Hoc|x64.ActiveCfg = Release|x64
		{D98E49E3-DB26-4E18-96F4-DBF5428A0C9C}.Ad-Hoc|x64.Build.0 = Release|x64
		{D98E49E3-DB26-4E18-96F4-DBF5428A0C9C}.Ad-Hoc|x64.Deploy.0 = Release|x64
		{D98E49E3-DB26-4E18-96F4-DBF5428A0C9C}.Ad-Hoc|x86.ActiveCfg = Release|x86
		{D98E49E3-DB26-4E18-96F4-DBF5428A0C9C}.Ad-Hoc|x86.Build.0 = Release|x86
		{D98E49E3-DB26-4E18-96F4-DBF5428A0C9C}.Ad-Hoc|x86.Deploy.0 = Release|x86
		{D98E49E3-DB26-4E18-96F4-DBF5428A0C9C}.AppStore|Any CPU.ActiveCfg = Release|x86
		{D98E49E3-DB26-4E18-96F4-DBF5428A0C9C}.AppStore|Any CPU.Build.0 = Release|x86
		{D98E49E3-DB26-4E18-96F4-DBF5428A0C9C}.AppStore|Any CPU.Deploy.0 = Release|x86
		{D98E49E3-DB26-4E18-96F4-DBF5428A0C9C}.AppStore|ARM.ActiveCfg = Release|ARM
		{D98E49E3-DB26-4E18-96F4-DBF5428A0C9C}.AppStore|ARM.Build.0 = Release|ARM
		{D98E49E3-DB26-4E18-96F4-DBF5428A0C9C}.AppStore|ARM.Deploy.0 = Release|ARM
		{D98E49E3-DB26-4E18-96F4-DBF5428A0C9C}.AppStore|iPhone.ActiveCfg = Release|x86
		{D98E49E3-DB26-4E18-96F4-DBF5428A0C9C}.AppStore|iPhone.Build.0 = Release|x86
		{D98E49E3-DB26-4E18-96F4-DBF5428A0C9C}.AppStore|iPhone.Deploy.0 = Release|x86
		{D98E49E3-DB26-4E18-96F4-DBF5428A0C9C}.AppStore|iPhoneSimulator.ActiveCfg = Release|x86
		{D98E49E3-DB26-4E18-96F4-DBF5428A0C9C}.AppStore|iPhoneSimulator.Build.0 = Release|x86
		{D98E49E3-DB26-4E18-96F4-DBF5428A0C9C}.AppStore|iPhoneSimulator.Deploy.0 = Release|x86
		{D98E49E3-DB26-4E18-96F4-DBF5428A0C9C}.AppStore|x64.ActiveCfg = Release|x64
		{D98E49E3-DB26-4E18-96F4-DBF5428A0C9C}.AppStore|x64.Build.0 = Release|x64
		{D98E49E3-DB26-4E18-96F4-DBF5428A0C9C}.AppStore|x64.Deploy.0 = Release|x64
		{D98E49E3-DB26-4E18-96F4-DBF5428A0C9C}.AppStore|x86.ActiveCfg = Release|x86
		{D98E49E3-DB26-4E18-96F4-DBF5428A0C9C}.AppStore|x86.Build.0 = Release|x86
		{D98E49E3-DB26-4E18-96F4-DBF5428A0C9C}.AppStore|x86.Deploy.0 = Release|x86
		{D98E49E3-DB26-4E18-96F4-DBF5428A0C9C}.Debug|Any CPU.ActiveCfg = Debug|x86
		{D98E49E3-DB26-4E18-96F4-DBF5428A0C9C}.Debug|ARM.ActiveCfg = Debug|ARM
		{D98E49E3-DB26-4E18-96F4-DBF5428A0C9C}.Debug|ARM.Build.0 = Debug|ARM
		{D98E49E3-DB26-4E18-96F4-DBF5428A0C9C}.Debug|ARM.Deploy.0 = Debug|ARM
		{D98E49E3-DB26-4E18-96F4-DBF5428A0C9C}.Debug|iPhone.ActiveCfg = Debug|x86
		{D98E49E3-DB26-4E18-96F4-DBF5428A0C9C}.Debug|iPhoneSimulator.ActiveCfg = Debug|x86
		{D98E49E3-DB26-4E18-96F4-DBF5428A0C9C}.Debug|x64.ActiveCfg = Debug|x64
		{D98E49E3-DB26-4E18-96F4-DBF5428A0C9C}.Debug|x64.Build.0 = Debug|x64
		{D98E49E3-DB26-4E18-96F4-DBF5428A0C9C}.Debug|x64.Deploy.0 = Debug|x64
		{D98E49E3-DB26-4E18-96F4-DBF5428A0C9C}.Debug|x86.ActiveCfg = Debug|x86
		{D98E49E3-DB26-4E18-96F4-DBF5428A0C9C}.Debug|x86.Build.0 = Debug|x86
		{D98E49E3-DB26-4E18-96F4-DBF5428A0C9C}.Debug|x86.Deploy.0 = Debug|x86
		{D98E49E3-DB26-4E18-96F4-DBF5428A0C9C}.Release|Any CPU.ActiveCfg = Release|x86
		{D98E49E3-DB26-4E18-96F4-DBF5428A0C9C}.Release|ARM.ActiveCfg = Release|ARM
		{D98E49E3-DB26-4E18-96F4-DBF5428A0C9C}.Release|ARM.Build.0 = Release|ARM
		{D98E49E3-DB26-4E18-96F4-DBF5428A0C9C}.Release|ARM.Deploy.0 = Release|ARM
		{D98E49E3-DB26-4E18-96F4-DBF5428A0C9C}.Release|iPhone.ActiveCfg = Release|x86
		{D98E49E3-DB26-4E18-96F4-DBF5428A0C9C}.Release|iPhoneSimulator.ActiveCfg = Release|x86
		{D98E49E3-DB26-4E18-96F4-DBF5428A0C9C}.Release|x64.ActiveCfg = Release|x64
		{D98E49E3-DB26-4E18-96F4-DBF5428A0C9C}.Release|x64.Build.0 = Release|x64
		{D98E49E3-DB26-4E18-96F4-DBF5428A0C9C}.Release|x64.Deploy.0 = Release|x64
		{D98E49E3-DB26-4E18-96F4-DBF5428A0C9C}.Release|x86.ActiveCfg = Release|x86
		{D98E49E3-DB26-4E18-96F4-DBF5428A0C9C}.Release|x86.Build.0 = Release|x86
		{D98E49E3-DB26-4E18-96F4-DBF5428A0C9C}.Release|x86.Deploy.0 = Release|x86
	EndGlobalSection
	GlobalSection(SolutionProperties) = preSolution
		HideSolutionNode = FALSE
	EndGlobalSection
	GlobalSection(ExtensibilityGlobals) = postSolution
		SolutionGuid = {FFD80228-1C4A-41CE-8FEA-FCF1B8939F11}
	EndGlobalSection
EndGlobal
